
Microsoft Visual Studio Solution File, Format Version 12.00
# Visual Studio Version 16
VisualStudioVersion = 16.0.31005.135
MinimumVisualStudioVersion = 10.0.40219.1
Project("{FAE04EC0-301F-11D3-BF4B-00C04F79EFBC}") = "AnimalShelterDesctopApp", "AnimalShelterDesctopApp\AnimalShelterDesctopApp.csproj", "{2D6C629A-7586-4089-B900-A9C5530B956D}"
EndProject
Global
	GlobalSection(SolutionConfigurationPlatforms) = preSolution
		Debug|Any CPU = Debug|Any CPU
		Release|Any CPU = Release|Any CPU
	EndGlobalSection
	GlobalSection(ProjectConfigurationPlatforms) = postSolution
		{2D6C629A-7586-4089-B900-A9C5530B956D}.Debug|Any CPU.ActiveCfg = Debug|Any CPU
		{2D6C629A-7586-4089-B900-A9C5530B956D}.Debug|Any CPU.Build.0 = Debug|Any CPU
		{2D6C629A-7586-4089-B900-A9C5530B956D}.Release|Any CPU.ActiveCfg = Release|Any CPU
		{2D6C629A-7586-4089-B900-A9C5530B956D}.Release|Any CPU.Build.0 = Release|Any CPU
	EndGlobalSection
	GlobalSection(SolutionProperties) = preSolution
		HideSolutionNode = FALSE
	EndGlobalSection
	GlobalSection(ExtensibilityGlobals) = postSolution
		SolutionGuid = {A977136E-2BBD-41CB-8112-9BDE71D4DFA4}
	EndGlobalSection
EndGlobal
